// !$*UTF8*$!
{
	archiveVersion = 1;
	classes = {
	};
	objectVersion = 46;
	objects = {

/* Begin PBXBuildFile section */
		E2375161209A857400EAFFD8 /* Persistence.swift in Sources */ = {isa = PBXBuildFile; fileRef = E2375160209A857400EAFFD8 /* Persistence.swift */; };
		E2375163209AA52600EAFFD8 /* BrotherListTableViewCell.swift in Sources */ = {isa = PBXBuildFile; fileRef = E2375162209AA52600EAFFD8 /* BrotherListTableViewCell.swift */; };
		E23CF1182099189000829C98 /* ThirdViewController.swift in Sources */ = {isa = PBXBuildFile; fileRef = E23CF1172099189000829C98 /* ThirdViewController.swift */; };
		E243D65A2093F1D5002A658E /* AppDelegate.swift in Sources */ = {isa = PBXBuildFile; fileRef = E243D6592093F1D5002A658E /* AppDelegate.swift */; };
		E243D65C2093F1D5002A658E /* FirstViewController.swift in Sources */ = {isa = PBXBuildFile; fileRef = E243D65B2093F1D5002A658E /* FirstViewController.swift */; };
		E243D65E2093F1D5002A658E /* SecondViewController.swift in Sources */ = {isa = PBXBuildFile; fileRef = E243D65D2093F1D5002A658E /* SecondViewController.swift */; };
		E243D6612093F1D5002A658E /* Main.storyboard in Resources */ = {isa = PBXBuildFile; fileRef = E243D65F2093F1D5002A658E /* Main.storyboard */; };
		E243D6632093F1D5002A658E /* Assets.xcassets in Resources */ = {isa = PBXBuildFile; fileRef = E243D6622093F1D5002A658E /* Assets.xcassets */; };
		E243D6662093F1D5002A658E /* LaunchScreen.storyboard in Resources */ = {isa = PBXBuildFile; fileRef = E243D6642093F1D5002A658E /* LaunchScreen.storyboard */; };
		E243D6702093F38D002A658E /* NetworkManager.swift in Sources */ = {isa = PBXBuildFile; fileRef = E243D66F2093F38D002A658E /* NetworkManager.swift */; };
		E243D6732093F44E002A658E /* Places.swift in Sources */ = {isa = PBXBuildFile; fileRef = E243D6722093F44E002A658E /* Places.swift */; };
		E2504D73209F8E8100F02C06 /* BaseViewController.swift in Sources */ = {isa = PBXBuildFile; fileRef = E2504D72209F8E8100F02C06 /* BaseViewController.swift */; };
		E2504D77209FD46700F02C06 /* BrotherDetailViewController.swift in Sources */ = {isa = PBXBuildFile; fileRef = E2504D76209FD46700F02C06 /* BrotherDetailViewController.swift */; };
		E251E00020A128690060C7B8 /* BrotherCommentsTableViewCell.swift in Sources */ = {isa = PBXBuildFile; fileRef = E251DFFF20A128690060C7B8 /* BrotherCommentsTableViewCell.swift */; };
		E251E00220A3BEEC0060C7B8 /* Error.swift in Sources */ = {isa = PBXBuildFile; fileRef = E251E00120A3BEEC0060C7B8 /* Error.swift */; };
/* End PBXBuildFile section */

/* Begin PBXFileReference section */
		E2375160209A857400EAFFD8 /* Persistence.swift */ = {isa = PBXFileReference; fileEncoding = 4; lastKnownFileType = sourcecode.swift; name = Persistence.swift; path = Model/Models/Persistence.swift; sourceTree = "<group>"; };
		E2375162209AA52600EAFFD8 /* BrotherListTableViewCell.swift */ = {isa = PBXFileReference; fileEncoding = 4; lastKnownFileType = sourcecode.swift; name = BrotherListTableViewCell.swift; path = Controllers/BrotherListTableViewCell.swift; sourceTree = "<group>"; };
		E23CF1172099189000829C98 /* ThirdViewController.swift */ = {isa = PBXFileReference; fileEncoding = 4; lastKnownFileType = sourcecode.swift; name = ThirdViewController.swift; path = Controllers/TabViewControllers/ThirdViewController.swift; sourceTree = "<group>"; };
		E243D6562093F1D5002A658E /* Rehbar.app */ = {isa = PBXFileReference; explicitFileType = wrapper.application; includeInIndex = 0; path = Rehbar.app; sourceTree = BUILT_PRODUCTS_DIR; };
		E243D6592093F1D5002A658E /* AppDelegate.swift */ = {isa = PBXFileReference; lastKnownFileType = sourcecode.swift; path = AppDelegate.swift; sourceTree = "<group>"; };
		E243D65B2093F1D5002A658E /* FirstViewController.swift */ = {isa = PBXFileReference; lastKnownFileType = sourcecode.swift; path = FirstViewController.swift; sourceTree = "<group>"; };
		E243D65D2093F1D5002A658E /* SecondViewController.swift */ = {isa = PBXFileReference; lastKnownFileType = sourcecode.swift; path = SecondViewController.swift; sourceTree = "<group>"; };
		E243D6602093F1D5002A658E /* Base */ = {isa = PBXFileReference; lastKnownFileType = file.storyboard; name = Base; path = Base.lproj/Main.storyboard; sourceTree = "<group>"; };
		E243D6622093F1D5002A658E /* Assets.xcassets */ = {isa = PBXFileReference; lastKnownFileType = folder.assetcatalog; path = Assets.xcassets; sourceTree = "<group>"; };
		E243D6652093F1D5002A658E /* Base */ = {isa = PBXFileReference; lastKnownFileType = file.storyboard; name = Base; path = Base.lproj/LaunchScreen.storyboard; sourceTree = "<group>"; };
		E243D6672093F1D5002A658E /* Info.plist */ = {isa = PBXFileReference; lastKnownFileType = text.plist.xml; path = Info.plist; sourceTree = "<group>"; };
		E243D66F2093F38D002A658E /* NetworkManager.swift */ = {isa = PBXFileReference; fileEncoding = 4; lastKnownFileType = sourcecode.swift; name = NetworkManager.swift; path = Model/Network/NetworkManager.swift; sourceTree = "<group>"; };
		E243D6722093F44E002A658E /* Places.swift */ = {isa = PBXFileReference; fileEncoding = 4; lastKnownFileType = sourcecode.swift; name = Places.swift; path = Model/Models/Places.swift; sourceTree = "<group>"; };
		E2504D72209F8E8100F02C06 /* BaseViewController.swift */ = {isa = PBXFileReference; fileEncoding = 4; lastKnownFileType = sourcecode.swift; name = BaseViewController.swift; path = Controllers/BaseViewController.swift; sourceTree = "<group>"; };
		E2504D76209FD46700F02C06 /* BrotherDetailViewController.swift */ = {isa = PBXFileReference; fileEncoding = 4; lastKnownFileType = sourcecode.swift; name = BrotherDetailViewController.swift; path = FirstVC/BrotherDetail/BrotherDetailViewController.swift; sourceTree = "<group>"; };
		E251DFFF20A128690060C7B8 /* BrotherCommentsTableViewCell.swift */ = {isa = PBXFileReference; lastKnownFileType = sourcecode.swift; name = BrotherCommentsTableViewCell.swift; path = FirstVC/BrotherDetail/BrotherCommentsTableViewCell.swift; sourceTree = "<group>"; };
		E251E00120A3BEEC0060C7B8 /* Error.swift */ = {isa = PBXFileReference; lastKnownFileType = sourcecode.swift; name = Error.swift; path = Model/Models/Error/Error.swift; sourceTree = "<group>"; };
/* End PBXFileReference section */

/* Begin PBXFrameworksBuildPhase section */
		E243D6532093F1D5002A658E /* Frameworks */ = {
			isa = PBXFrameworksBuildPhase;
			buildActionMask = 2147483647;
			files = (
			);
			runOnlyForDeploymentPostprocessing = 0;
		};
/* End PBXFrameworksBuildPhase section */

/* Begin PBXGroup section */
		E23CF1152099184300829C98 /* Controllers */ = {
			isa = PBXGroup;
			children = (
				E23CF1162099185200829C98 /* TabViewControllers */,
				E2375162209AA52600EAFFD8 /* BrotherListTableViewCell.swift */,
				E2504D72209F8E8100F02C06 /* BaseViewController.swift */,
			);
			name = Controllers;
			sourceTree = "<group>";
		};
		E23CF1162099185200829C98 /* TabViewControllers */ = {
			isa = PBXGroup;
			children = (
				E2504D74209FD42800F02C06 /* FirstVC */,
				E243D65B2093F1D5002A658E /* FirstViewController.swift */,
				E243D65D2093F1D5002A658E /* SecondViewController.swift */,
				E23CF1172099189000829C98 /* ThirdViewController.swift */,
			);
			name = TabViewControllers;
			sourceTree = "<group>";
		};
		E243D64D2093F1D4002A658E = {
			isa = PBXGroup;
			children = (
				E243D6582093F1D5002A658E /* Rehbar */,
				E243D6572093F1D5002A658E /* Products */,
			);
			sourceTree = "<group>";
		};
		E243D6572093F1D5002A658E /* Products */ = {
			isa = PBXGroup;
			children = (
				E243D6562093F1D5002A658E /* Rehbar.app */,
			);
			name = Products;
			sourceTree = "<group>";
		};
		E243D6582093F1D5002A658E /* Rehbar */ = {
			isa = PBXGroup;
			children = (
				E23CF1152099184300829C98 /* Controllers */,
				E243D66D2093F353002A658E /* Model */,
				E243D6592093F1D5002A658E /* AppDelegate.swift */,
				E243D65F2093F1D5002A658E /* Main.storyboard */,
				E243D6622093F1D5002A658E /* Assets.xcassets */,
				E243D6642093F1D5002A658E /* LaunchScreen.storyboard */,
				E243D6672093F1D5002A658E /* Info.plist */,
			);
			path = Rehbar;
			sourceTree = "<group>";
		};
		E243D66D2093F353002A658E /* Model */ = {
			isa = PBXGroup;
			children = (
				E243D6712093F3A6002A658E /* Models */,
				E243D66E2093F359002A658E /* Network */,
			);
			name = Model;
			sourceTree = "<group>";
		};
		E243D66E2093F359002A658E /* Network */ = {
			isa = PBXGroup;
			children = (
				E243D66F2093F38D002A658E /* NetworkManager.swift */,
			);
			name = Network;
			sourceTree = "<group>";
		};
		E243D6712093F3A6002A658E /* Models */ = {
			isa = PBXGroup;
			children = (
				E243D6722093F44E002A658E /* Places.swift */,
				E2375160209A857400EAFFD8 /* Persistence.swift */,
				E251E00120A3BEEC0060C7B8 /* Error.swift */,
			);
			name = Models;
			sourceTree = "<group>";
		};
		E2504D74209FD42800F02C06 /* FirstVC */ = {
			isa = PBXGroup;
			children = (
				E2504D75209FD43600F02C06 /* BrotherDetail */,
			);
			name = FirstVC;
			sourceTree = "<group>";
		};
		E2504D75209FD43600F02C06 /* BrotherDetail */ = {
			isa = PBXGroup;
			children = (
				E2504D76209FD46700F02C06 /* BrotherDetailViewController.swift */,
				E251DFFF20A128690060C7B8 /* BrotherCommentsTableViewCell.swift */,
			);
			name = BrotherDetail;
			sourceTree = "<group>";
		};
/* End PBXGroup section */

/* Begin PBXNativeTarget section */
		E243D6552093F1D5002A658E /* Rehbar */ = {
			isa = PBXNativeTarget;
			buildConfigurationList = E243D66A2093F1D5002A658E /* Build configuration list for PBXNativeTarget "Rehbar" */;
			buildPhases = (
				E243D6522093F1D5002A658E /* Sources */,
				E243D6532093F1D5002A658E /* Frameworks */,
				E243D6542093F1D5002A658E /* Resources */,
			);
			buildRules = (
			);
			dependencies = (
			);
			name = Rehbar;
			productName = Rehbar;
			productReference = E243D6562093F1D5002A658E /* Rehbar.app */;
			productType = "com.apple.product-type.application";
		};
/* End PBXNativeTarget section */

/* Begin PBXProject section */
		E243D64E2093F1D4002A658E /* Project object */ = {
			isa = PBXProject;
			attributes = {
				LastSwiftUpdateCheck = 0820;
				LastUpgradeCheck = 0930;
				ORGANIZATIONNAME = anz;
				TargetAttributes = {
					E243D6552093F1D5002A658E = {
						CreatedOnToolsVersion = 8.2.1;
						DevelopmentTeam = 26A666LL56;
						LastSwiftMigration = 0930;
						ProvisioningStyle = Automatic;
					};
				};
			};
			buildConfigurationList = E243D6512093F1D4002A658E /* Build configuration list for PBXProject "Rehbar" */;
			compatibilityVersion = "Xcode 3.2";
			developmentRegion = English;
			hasScannedForEncodings = 0;
			knownRegions = (
				en,
				Base,
			);
			mainGroup = E243D64D2093F1D4002A658E;
			productRefGroup = E243D6572093F1D5002A658E /* Products */;
			projectDirPath = "";
			projectRoot = "";
			targets = (
				E243D6552093F1D5002A658E /* Rehbar */,
			);
		};
/* End PBXProject section */

/* Begin PBXResourcesBuildPhase section */
		E243D6542093F1D5002A658E /* Resources */ = {
			isa = PBXResourcesBuildPhase;
			buildActionMask = 2147483647;
			files = (
				E243D6662093F1D5002A658E /* LaunchScreen.storyboard in Resources */,
				E243D6632093F1D5002A658E /* Assets.xcassets in Resources */,
				E243D6612093F1D5002A658E /* Main.storyboard in Resources */,
			);
			runOnlyForDeploymentPostprocessing = 0;
		};
/* End PBXResourcesBuildPhase section */

/* Begin PBXSourcesBuildPhase section */
		E243D6522093F1D5002A658E /* Sources */ = {
			isa = PBXSourcesBuildPhase;
			buildActionMask = 2147483647;
			files = (
				E251E00020A128690060C7B8 /* BrotherCommentsTableViewCell.swift in Sources */,
				E2504D77209FD46700F02C06 /* BrotherDetailViewController.swift in Sources */,
				E243D6732093F44E002A658E /* Places.swift in Sources */,
				E243D6702093F38D002A658E /* NetworkManager.swift in Sources */,
				E251E00220A3BEEC0060C7B8 /* Error.swift in Sources */,
				E243D65E2093F1D5002A658E /* SecondViewController.swift in Sources */,
				E2375161209A857400EAFFD8 /* Persistence.swift in Sources */,
				E243D65A2093F1D5002A658E /* AppDelegate.swift in Sources */,
				E2504D73209F8E8100F02C06 /* BaseViewController.swift in Sources */,
				E23CF1182099189000829C98 /* ThirdViewController.swift in Sources */,
				E2375163209AA52600EAFFD8 /* BrotherListTableViewCell.swift in Sources */,
				E243D65C2093F1D5002A658E /* FirstViewController.swift in Sources */,
			);
			runOnlyForDeploymentPostprocessing = 0;
		};
/* End PBXSourcesBuildPhase section */

/* Begin PBXVariantGroup section */
		E243D65F2093F1D5002A658E /* Main.storyboard */ = {
			isa = PBXVariantGroup;
			children = (
				E243D6602093F1D5002A658E /* Base */,
			);
			name = Main.storyboard;
			sourceTree = "<group>";
		};
		E243D6642093F1D5002A658E /* LaunchScreen.storyboard */ = {
			isa = PBXVariantGroup;
			children = (
				E243D6652093F1D5002A658E /* Base */,
			);
			name = LaunchScreen.storyboard;
			sourceTree = "<group>";
		};
/* End PBXVariantGroup section */

/* Begin XCBuildConfiguration section */
		E243D6682093F1D5002A658E /* Debug */ = {
			isa = XCBuildConfiguration;
			buildSettings = {
				ALWAYS_SEARCH_USER_PATHS = NO;
				CLANG_ANALYZER_NONNULL = YES;
				CLANG_CXX_LANGUAGE_STANDARD = "gnu++0x";
				CLANG_CXX_LIBRARY = "libc++";
				CLANG_ENABLE_MODULES = YES;
				CLANG_ENABLE_OBJC_ARC = YES;
				CLANG_WARN_BLOCK_CAPTURE_AUTORELEASING = YES;
				CLANG_WARN_BOOL_CONVERSION = YES;
				CLANG_WARN_COMMA = YES;
				CLANG_WARN_CONSTANT_CONVERSION = YES;
				CLANG_WARN_DEPRECATED_OBJC_IMPLEMENTATIONS = YES;
				CLANG_WARN_DIRECT_OBJC_ISA_USAGE = YES_ERROR;
				CLANG_WARN_DOCUMENTATION_COMMENTS = YES;
				CLANG_WARN_EMPTY_BODY = YES;
				CLANG_WARN_ENUM_CONVERSION = YES;
				CLANG_WARN_INFINITE_RECURSION = YES;
				CLANG_WARN_INT_CONVERSION = YES;
				CLANG_WARN_NON_LITERAL_NULL_CONVERSION = YES;
				CLANG_WARN_OBJC_IMPLICIT_RETAIN_SELF = YES;
				CLANG_WARN_OBJC_LITERAL_CONVERSION = YES;
				CLANG_WARN_OBJC_ROOT_CLASS = YES_ERROR;
				CLANG_WARN_RANGE_LOOP_ANALYSIS = YES;
				CLANG_WARN_STRICT_PROTOTYPES = YES;
				CLANG_WARN_SUSPICIOUS_MOVE = YES;
				CLANG_WARN_UNREACHABLE_CODE = YES;
				CLANG_WARN__DUPLICATE_METHOD_MATCH = YES;
				"CODE_SIGN_IDENTITY[sdk=iphoneos*]" = "iPhone Developer";
				COPY_PHASE_STRIP = NO;
				DEBUG_INFORMATION_FORMAT = dwarf;
				ENABLE_STRICT_OBJC_MSGSEND = YES;
				ENABLE_TESTABILITY = YES;
				GCC_C_LANGUAGE_STANDARD = gnu99;
				GCC_DYNAMIC_NO_PIC = NO;
				GCC_NO_COMMON_BLOCKS = YES;
				GCC_OPTIMIZATION_LEVEL = 0;
				GCC_PREPROCESSOR_DEFINITIONS = (
					"DEBUG=1",
					"$(inherited)",
				);
				GCC_WARN_64_TO_32_BIT_CONVERSION = YES;
				GCC_WARN_ABOUT_RETURN_TYPE = YES_ERROR;
				GCC_WARN_UNDECLARED_SELECTOR = YES;
				GCC_WARN_UNINITIALIZED_AUTOS = YES_AGGRESSIVE;
				GCC_WARN_UNUSED_FUNCTION = YES;
				GCC_WARN_UNUSED_VARIABLE = YES;
				IPHONEOS_DEPLOYMENT_TARGET = 10.2;
				MTL_ENABLE_DEBUG_INFO = YES;
				ONLY_ACTIVE_ARCH = YES;
				SDKROOT = iphoneos;
				SWIFT_ACTIVE_COMPILATION_CONDITIONS = DEBUG;
				SWIFT_OPTIMIZATION_LEVEL = "-Onone";
				TARGETED_DEVICE_FAMILY = "1,2";
			};
			name = Debug;
		};
		E243D6692093F1D5002A658E /* Release */ = {
			isa = XCBuildConfiguration;
			buildSettings = {
				ALWAYS_SEARCH_USER_PATHS = NO;
				CLANG_ANALYZER_NONNULL = YES;
				CLANG_CXX_LANGUAGE_STANDARD = "gnu++0x";
				CLANG_CXX_LIBRARY = "libc++";
				CLANG_ENABLE_MODULES = YES;
				CLANG_ENABLE_OBJC_ARC = YES;
				CLANG_WARN_BLOCK_CAPTURE_AUTORELEASING = YES;
				CLANG_WARN_BOOL_CONVERSION = YES;
				CLANG_WARN_COMMA = YES;
				CLANG_WARN_CONSTANT_CONVERSION = YES;
				CLANG_WARN_DEPRECATED_OBJC_IMPLEMENTATIONS = YES;
				CLANG_WARN_DIRECT_OBJC_ISA_USAGE = YES_ERROR;
				CLANG_WARN_DOCUMENTATION_COMMENTS = YES;
				CLANG_WARN_EMPTY_BODY = YES;
				CLANG_WARN_ENUM_CONVERSION = YES;
				CLANG_WARN_INFINITE_RECURSION = YES;
				CLANG_WARN_INT_CONVERSION = YES;
				CLANG_WARN_NON_LITERAL_NULL_CONVERSION = YES;
				CLANG_WARN_OBJC_IMPLICIT_RETAIN_SELF = YES;
				CLANG_WARN_OBJC_LITERAL_CONVERSION = YES;
				CLANG_WARN_OBJC_ROOT_CLASS = YES_ERROR;
				CLANG_WARN_RANGE_LOOP_ANALYSIS = YES;
				CLANG_WARN_STRICT_PROTOTYPES = YES;
				CLANG_WARN_SUSPICIOUS_MOVE = YES;
				CLANG_WARN_UNREACHABLE_CODE = YES;
				CLANG_WARN__DUPLICATE_METHOD_MATCH = YES;
				"CODE_SIGN_IDENTITY[sdk=iphoneos*]" = "iPhone Developer";
				COPY_PHASE_STRIP = NO;
				DEBUG_INFORMATION_FORMAT = "dwarf-with-dsym";
				ENABLE_NS_ASSERTIONS = NO;
				ENABLE_STRICT_OBJC_MSGSEND = YES;
				GCC_C_LANGUAGE_STANDARD = gnu99;
				GCC_NO_COMMON_BLOCKS = YES;
				GCC_WARN_64_TO_32_BIT_CONVERSION = YES;
				GCC_WARN_ABOUT_RETURN_TYPE = YES_ERROR;
				GCC_WARN_UNDECLARED_SELECTOR = YES;
				GCC_WARN_UNINITIALIZED_AUTOS = YES_AGGRESSIVE;
				GCC_WARN_UNUSED_FUNCTION = YES;
				GCC_WARN_UNUSED_VARIABLE = YES;
				IPHONEOS_DEPLOYMENT_TARGET = 10.2;
				MTL_ENABLE_DEBUG_INFO = NO;
				SDKROOT = iphoneos;
				SWIFT_OPTIMIZATION_LEVEL = "-Owholemodule";
				TARGETED_DEVICE_FAMILY = "1,2";
				VALIDATE_PRODUCT = YES;
			};
			name = Release;
		};
		E243D66B2093F1D5002A658E /* Debug */ = {
			isa = XCBuildConfiguration;
			buildSettings = {
				ASSETCATALOG_COMPILER_APPICON_NAME = AppIcon;
				DEVELOPMENT_TEAM = 26A666LL56;
				INFOPLIST_FILE = Rehbar/Info.plist;
				IPHONEOS_DEPLOYMENT_TARGET = 9.3;
				LD_RUNPATH_SEARCH_PATHS = "$(inherited) @executable_path/Frameworks";
				PRODUCT_BUNDLE_IDENTIFIER = com.anz.apps.Rehbar;
				PRODUCT_NAME = "$(TARGET_NAME)";
				SWIFT_SWIFT3_OBJC_INFERENCE = On;
				SWIFT_VERSION = 4.0;
			};
			name = Debug;
		};
		E243D66C2093F1D5002A658E /* Release */ = {
			isa = XCBuildConfiguration;
			buildSettings = {
				ASSETCATALOG_COMPILER_APPICON_NAME = AppIcon;
				DEVELOPMENT_TEAM = 26A666LL56;
				INFOPLIST_FILE = Rehbar/Info.plist;
				IPHONEOS_DEPLOYMENT_TARGET = 9.3;
				LD_RUNPATH_SEARCH_PATHS = "$(inherited) @executable_path/Frameworks";
				PRODUCT_BUNDLE_IDENTIFIER = com.anz.apps.Rehbar;
				PRODUCT_NAME = "$(TARGET_NAME)";
				SWIFT_SWIFT3_OBJC_INFERENCE = On;
				SWIFT_VERSION = 4.0;
			};
			name = Release;
		};
/* End XCBuildConfiguration section */

/* Begin XCConfigurationList section */
		E243D6512093F1D4002A658E /* Build configuration list for PBXProject "Rehbar" */ = {
			isa = XCConfigurationList;
			buildConfigurations = (
				E243D6682093F1D5002A658E /* Debug */,
				E243D6692093F1D5002A658E /* Release */,
			);
			defaultConfigurationIsVisible = 0;
			defaultConfigurationName = Release;
		};
		E243D66A2093F1D5002A658E /* Build configuration list for PBXNativeTarget "Rehbar" */ = {
			isa = XCConfigurationList;
			buildConfigurations = (
				E243D66B2093F1D5002A658E /* Debug */,
				E243D66C2093F1D5002A658E /* Release */,
			);
			defaultConfigurationIsVisible = 0;
			defaultConfigurationName = Release;
		};
/* End XCConfigurationList section */
	};
	rootObject = E243D64E2093F1D4002A658E /* Project object */;
}
